// !$*UTF8*$!
{
	archiveVersion = 1;
	classes = {
	};
	objectVersion = 55;
	objects = {

/* Begin PBXBuildFile section */
		71527E222A1B860D0074F4E3 /* MyTableViewCell.swift in Sources */ = {isa = PBXBuildFile; fileRef = 71527E202A1B860D0074F4E3 /* MyTableViewCell.swift */; };
		71527E232A1B860D0074F4E3 /* MyTableViewCell.xib in Resources */ = {isa = PBXBuildFile; fileRef = 71527E212A1B860D0074F4E3 /* MyTableViewCell.xib */; };
		71527E292A1B9C610074F4E3 /* Model.swift in Sources */ = {isa = PBXBuildFile; fileRef = 71527E282A1B9C610074F4E3 /* Model.swift */; };
		717030942A1CE2BD005ADB7E /* GameController.swift in Sources */ = {isa = PBXBuildFile; fileRef = 717030922A1CE2BD005ADB7E /* GameController.swift */; };
		717030952A1CE2BD005ADB7E /* GameController.xib in Resources */ = {isa = PBXBuildFile; fileRef = 717030932A1CE2BD005ADB7E /* GameController.xib */; };
		717030982A1CF854005ADB7E /* GameViewController.swift in Sources */ = {isa = PBXBuildFile; fileRef = 717030962A1CF853005ADB7E /* GameViewController.swift */; };
		717030992A1CF854005ADB7E /* GameViewController.xib in Resources */ = {isa = PBXBuildFile; fileRef = 717030972A1CF853005ADB7E /* GameViewController.xib */; };
		717708912A092E020029D55F /* Property.swift in Sources */ = {isa = PBXBuildFile; fileRef = 717708902A092E020029D55F /* Property.swift */; };
		717708932A0934A20029D55F /* What_we_should_do.swift in Sources */ = {isa = PBXBuildFile; fileRef = 717708922A0934A20029D55F /* What_we_should_do.swift */; };
		71CA86B02A062C8200C57F1E /* AppDelegate.swift in Sources */ = {isa = PBXBuildFile; fileRef = 71CA86AF2A062C8200C57F1E /* AppDelegate.swift */; };
		71CA86B22A062C8200C57F1E /* SceneDelegate.swift in Sources */ = {isa = PBXBuildFile; fileRef = 71CA86B12A062C8200C57F1E /* SceneDelegate.swift */; };
		71CA86B42A062C8200C57F1E /* ViewController.swift in Sources */ = {isa = PBXBuildFile; fileRef = 71CA86B32A062C8200C57F1E /* ViewController.swift */; };
		71CA86B72A062C8200C57F1E /* Main.storyboard in Resources */ = {isa = PBXBuildFile; fileRef = 71CA86B52A062C8200C57F1E /* Main.storyboard */; };
		71CA86B92A062C8A00C57F1E /* Assets.xcassets in Resources */ = {isa = PBXBuildFile; fileRef = 71CA86B82A062C8A00C57F1E /* Assets.xcassets */; };
		71CA86BC2A062C8A00C57F1E /* LaunchScreen.storyboard in Resources */ = {isa = PBXBuildFile; fileRef = 71CA86BA2A062C8A00C57F1E /* LaunchScreen.storyboard */; };
		71CA86C72A062C8B00C57F1E /* FinalProjectTests.swift in Sources */ = {isa = PBXBuildFile; fileRef = 71CA86C62A062C8B00C57F1E /* FinalProjectTests.swift */; };
		71CA86D12A062C8B00C57F1E /* FinalProjectUITests.swift in Sources */ = {isa = PBXBuildFile; fileRef = 71CA86D02A062C8B00C57F1E /* FinalProjectUITests.swift */; };
		71CA86D32A062C8B00C57F1E /* FinalProjectUITestsLaunchTests.swift in Sources */ = {isa = PBXBuildFile; fileRef = 71CA86D22A062C8B00C57F1E /* FinalProjectUITestsLaunchTests.swift */; };
/* End PBXBuildFile section */

/* Begin PBXContainerItemProxy section */
		71CA86C32A062C8B00C57F1E /* PBXContainerItemProxy */ = {
			isa = PBXContainerItemProxy;
			containerPortal = 71CA86A42A062C8100C57F1E /* Project object */;
			proxyType = 1;
			remoteGlobalIDString = 71CA86AB2A062C8200C57F1E;
			remoteInfo = FinalProject;
		};
		71CA86CD2A062C8B00C57F1E /* PBXContainerItemProxy */ = {
			isa = PBXContainerItemProxy;
			containerPortal = 71CA86A42A062C8100C57F1E /* Project object */;
			proxyType = 1;
			remoteGlobalIDString = 71CA86AB2A062C8200C57F1E;
			remoteInfo = FinalProject;
		};
/* End PBXContainerItemProxy section */

/* Begin PBXFileReference section */
		71527E202A1B860D0074F4E3 /* MyTableViewCell.swift */ = {isa = PBXFileReference; lastKnownFileType = sourcecode.swift; path = MyTableViewCell.swift; sourceTree = "<group>"; };
		71527E212A1B860D0074F4E3 /* MyTableViewCell.xib */ = {isa = PBXFileReference; lastKnownFileType = file.xib; path = MyTableViewCell.xib; sourceTree = "<group>"; };
		71527E282A1B9C610074F4E3 /* Model.swift */ = {isa = PBXFileReference; lastKnownFileType = sourcecode.swift; path = Model.swift; sourceTree = "<group>"; };
		717030922A1CE2BD005ADB7E /* GameController.swift */ = {isa = PBXFileReference; lastKnownFileType = sourcecode.swift; path = GameController.swift; sourceTree = "<group>"; };
		717030932A1CE2BD005ADB7E /* GameController.xib */ = {isa = PBXFileReference; lastKnownFileType = file.xib; path = GameController.xib; sourceTree = "<group>"; };
		717030962A1CF853005ADB7E /* GameViewController.swift */ = {isa = PBXFileReference; fileEncoding = 4; lastKnownFileType = sourcecode.swift; name = GameViewController.swift; path = ../../../../GameViewController.swift; sourceTree = "<group>"; };
		717030972A1CF853005ADB7E /* GameViewController.xib */ = {isa = PBXFileReference; fileEncoding = 4; lastKnownFileType = file.xib; name = GameViewController.xib; path = ../../../../GameViewController.xib; sourceTree = "<group>"; };
		717708902A092E020029D55F /* Property.swift */ = {isa = PBXFileReference; lastKnownFileType = sourcecode.swift; path = Property.swift; sourceTree = "<group>"; };
		717708922A0934A20029D55F /* What_we_should_do.swift */ = {isa = PBXFileReference; lastKnownFileType = sourcecode.swift; path = What_we_should_do.swift; sourceTree = "<group>"; };
		71CA86AC2A062C8200C57F1E /* FinalProject.app */ = {isa = PBXFileReference; explicitFileType = wrapper.application; includeInIndex = 0; path = FinalProject.app; sourceTree = BUILT_PRODUCTS_DIR; };
		71CA86AF2A062C8200C57F1E /* AppDelegate.swift */ = {isa = PBXFileReference; lastKnownFileType = sourcecode.swift; path = AppDelegate.swift; sourceTree = "<group>"; };
		71CA86B12A062C8200C57F1E /* SceneDelegate.swift */ = {isa = PBXFileReference; lastKnownFileType = sourcecode.swift; path = SceneDelegate.swift; sourceTree = "<group>"; };
		71CA86B32A062C8200C57F1E /* ViewController.swift */ = {isa = PBXFileReference; lastKnownFileType = sourcecode.swift; path = ViewController.swift; sourceTree = "<group>"; };
		71CA86B62A062C8200C57F1E /* Base */ = {isa = PBXFileReference; lastKnownFileType = file.storyboard; name = Base; path = Base.lproj/Main.storyboard; sourceTree = "<group>"; };
		71CA86B82A062C8A00C57F1E /* Assets.xcassets */ = {isa = PBXFileReference; lastKnownFileType = folder.assetcatalog; path = Assets.xcassets; sourceTree = "<group>"; };
		71CA86BB2A062C8A00C57F1E /* Base */ = {isa = PBXFileReference; lastKnownFileType = file.storyboard; name = Base; path = Base.lproj/LaunchScreen.storyboard; sourceTree = "<group>"; };
		71CA86BD2A062C8A00C57F1E /* Info.plist */ = {isa = PBXFileReference; lastKnownFileType = text.plist.xml; path = Info.plist; sourceTree = "<group>"; };
		71CA86C22A062C8B00C57F1E /* FinalProjectTests.xctest */ = {isa = PBXFileReference; explicitFileType = wrapper.cfbundle; includeInIndex = 0; path = FinalProjectTests.xctest; sourceTree = BUILT_PRODUCTS_DIR; };
		71CA86C62A062C8B00C57F1E /* FinalProjectTests.swift */ = {isa = PBXFileReference; lastKnownFileType = sourcecode.swift; path = FinalProjectTests.swift; sourceTree = "<group>"; };
		71CA86CC2A062C8B00C57F1E /* FinalProjectUITests.xctest */ = {isa = PBXFileReference; explicitFileType = wrapper.cfbundle; includeInIndex = 0; path = FinalProjectUITests.xctest; sourceTree = BUILT_PRODUCTS_DIR; };
		71CA86D02A062C8B00C57F1E /* FinalProjectUITests.swift */ = {isa = PBXFileReference; lastKnownFileType = sourcecode.swift; path = FinalProjectUITests.swift; sourceTree = "<group>"; };
		71CA86D22A062C8B00C57F1E /* FinalProjectUITestsLaunchTests.swift */ = {isa = PBXFileReference; lastKnownFileType = sourcecode.swift; path = FinalProjectUITestsLaunchTests.swift; sourceTree = "<group>"; };
/* End PBXFileReference section */

/* Begin PBXFrameworksBuildPhase section */
		71CA86A92A062C8200C57F1E /* Frameworks */ = {
			isa = PBXFrameworksBuildPhase;
			buildActionMask = 2147483647;
			files = (
			);
			runOnlyForDeploymentPostprocessing = 0;
		};
		71CA86BF2A062C8B00C57F1E /* Frameworks */ = {
			isa = PBXFrameworksBuildPhase;
			buildActionMask = 2147483647;
			files = (
			);
			runOnlyForDeploymentPostprocessing = 0;
		};
		71CA86C92A062C8B00C57F1E /* Frameworks */ = {
			isa = PBXFrameworksBuildPhase;
			buildActionMask = 2147483647;
			files = (
			);
			runOnlyForDeploymentPostprocessing = 0;
		};
/* End PBXFrameworksBuildPhase section */

/* Begin PBXGroup section */
		71CA86A32A062C8100C57F1E = {
			isa = PBXGroup;
			children = (
				71CA86AE2A062C8200C57F1E /* FinalProject */,
				71CA86C52A062C8B00C57F1E /* FinalProjectTests */,
				71CA86CF2A062C8B00C57F1E /* FinalProjectUITests */,
				71CA86AD2A062C8200C57F1E /* Products */,
			);
			sourceTree = "<group>";
		};
		71CA86AD2A062C8200C57F1E /* Products */ = {
			isa = PBXGroup;
			children = (
				71CA86AC2A062C8200C57F1E /* FinalProject.app */,
				71CA86C22A062C8B00C57F1E /* FinalProjectTests.xctest */,
				71CA86CC2A062C8B00C57F1E /* FinalProjectUITests.xctest */,
			);
			name = Products;
			sourceTree = "<group>";
		};
		71CA86AE2A062C8200C57F1E /* FinalProject */ = {
			isa = PBXGroup;
			children = (
				71CA86BD2A062C8A00C57F1E /* Info.plist */,
				71CA86AF2A062C8200C57F1E /* AppDelegate.swift */,
				71CA86B12A062C8200C57F1E /* SceneDelegate.swift */,
				71CA86B32A062C8200C57F1E /* ViewController.swift */,
				71CA86B52A062C8200C57F1E /* Main.storyboard */,
				71527E202A1B860D0074F4E3 /* MyTableViewCell.swift */,
				71527E212A1B860D0074F4E3 /* MyTableViewCell.xib */,
				717030962A1CF853005ADB7E /* GameViewController.swift */,
				717030972A1CF853005ADB7E /* GameViewController.xib */,
				717030922A1CE2BD005ADB7E /* GameController.swift */,
				717030932A1CE2BD005ADB7E /* GameController.xib */,
				71527E282A1B9C610074F4E3 /* Model.swift */,
				71CA86BA2A062C8A00C57F1E /* LaunchScreen.storyboard */,
				71CA86B82A062C8A00C57F1E /* Assets.xcassets */,
				717708902A092E020029D55F /* Property.swift */,
				717708922A0934A20029D55F /* What_we_should_do.swift */,
			);
			path = FinalProject;
			sourceTree = "<group>";
		};
		71CA86C52A062C8B00C57F1E /* FinalProjectTests */ = {
			isa = PBXGroup;
			children = (
				71CA86C62A062C8B00C57F1E /* FinalProjectTests.swift */,
			);
			path = FinalProjectTests;
			sourceTree = "<group>";
		};
		71CA86CF2A062C8B00C57F1E /* FinalProjectUITests */ = {
			isa = PBXGroup;
			children = (
				71CA86D02A062C8B00C57F1E /* FinalProjectUITests.swift */,
				71CA86D22A062C8B00C57F1E /* FinalProjectUITestsLaunchTests.swift */,
			);
			path = FinalProjectUITests;
			sourceTree = "<group>";
		};
/* End PBXGroup section */

/* Begin PBXNativeTarget section */
		71CA86AB2A062C8200C57F1E /* FinalProject */ = {
			isa = PBXNativeTarget;
			buildConfigurationList = 71CA86D62A062C8B00C57F1E /* Build configuration list for PBXNativeTarget "FinalProject" */;
			buildPhases = (
				71CA86A82A062C8200C57F1E /* Sources */,
				71CA86A92A062C8200C57F1E /* Frameworks */,
				71CA86AA2A062C8200C57F1E /* Resources */,
			);
			buildRules = (
			);
			dependencies = (
			);
			name = FinalProject;
			productName = FinalProject;
			productReference = 71CA86AC2A062C8200C57F1E /* FinalProject.app */;
			productType = "com.apple.product-type.application";
		};
		71CA86C12A062C8B00C57F1E /* FinalProjectTests */ = {
			isa = PBXNativeTarget;
			buildConfigurationList = 71CA86D92A062C8B00C57F1E /* Build configuration list for PBXNativeTarget "FinalProjectTests" */;
			buildPhases = (
				71CA86BE2A062C8B00C57F1E /* Sources */,
				71CA86BF2A062C8B00C57F1E /* Frameworks */,
				71CA86C02A062C8B00C57F1E /* Resources */,
			);
			buildRules = (
			);
			dependencies = (
				71CA86C42A062C8B00C57F1E /* PBXTargetDependency */,
			);
			name = FinalProjectTests;
			productName = FinalProjectTests;
			productReference = 71CA86C22A062C8B00C57F1E /* FinalProjectTests.xctest */;
			productType = "com.apple.product-type.bundle.unit-test";
		};
		71CA86CB2A062C8B00C57F1E /* FinalProjectUITests */ = {
			isa = PBXNativeTarget;
			buildConfigurationList = 71CA86DC2A062C8B00C57F1E /* Build configuration list for PBXNativeTarget "FinalProjectUITests" */;
			buildPhases = (
				71CA86C82A062C8B00C57F1E /* Sources */,
				71CA86C92A062C8B00C57F1E /* Frameworks */,
				71CA86CA2A062C8B00C57F1E /* Resources */,
			);
			buildRules = (
			);
			dependencies = (
				71CA86CE2A062C8B00C57F1E /* PBXTargetDependency */,
			);
			name = FinalProjectUITests;
			productName = FinalProjectUITests;
			productReference = 71CA86CC2A062C8B00C57F1E /* FinalProjectUITests.xctest */;
			productType = "com.apple.product-type.bundle.ui-testing";
		};
/* End PBXNativeTarget section */

/* Begin PBXProject section */
		71CA86A42A062C8100C57F1E /* Project object */ = {
			isa = PBXProject;
			attributes = {
				BuildIndependentTargetsInParallel = 1;
				LastSwiftUpdateCheck = 1340;
				LastUpgradeCheck = 1340;
				TargetAttributes = {
					71CA86AB2A062C8200C57F1E = {
						CreatedOnToolsVersion = 13.4.1;
					};
					71CA86C12A062C8B00C57F1E = {
						CreatedOnToolsVersion = 13.4.1;
						TestTargetID = 71CA86AB2A062C8200C57F1E;
					};
					71CA86CB2A062C8B00C57F1E = {
						CreatedOnToolsVersion = 13.4.1;
						TestTargetID = 71CA86AB2A062C8200C57F1E;
					};
				};
			};
			buildConfigurationList = 71CA86A72A062C8100C57F1E /* Build configuration list for PBXProject "FinalProject" */;
			compatibilityVersion = "Xcode 13.0";
			developmentRegion = en;
			hasScannedForEncodings = 0;
			knownRegions = (
				en,
				Base,
			);
			mainGroup = 71CA86A32A062C8100C57F1E;
			productRefGroup = 71CA86AD2A062C8200C57F1E /* Products */;
			projectDirPath = "";
			projectRoot = "";
			targets = (
				71CA86AB2A062C8200C57F1E /* FinalProject */,
				71CA86C12A062C8B00C57F1E /* FinalProjectTests */,
				71CA86CB2A062C8B00C57F1E /* FinalProjectUITests */,
			);
		};
/* End PBXProject section */

/* Begin PBXResourcesBuildPhase section */
		71CA86AA2A062C8200C57F1E /* Resources */ = {
			isa = PBXResourcesBuildPhase;
			buildActionMask = 2147483647;
			files = (
				71527E232A1B860D0074F4E3 /* MyTableViewCell.xib in Resources */,
				717030992A1CF854005ADB7E /* GameViewController.xib in Resources */,
				71CA86BC2A062C8A00C57F1E /* LaunchScreen.storyboard in Resources */,
				71CA86B92A062C8A00C57F1E /* Assets.xcassets in Resources */,
				71CA86B72A062C8200C57F1E /* Main.storyboard in Resources */,
				717030952A1CE2BD005ADB7E /* GameController.xib in Resources */,
			);
			runOnlyForDeploymentPostprocessing = 0;
		};
		71CA86C02A062C8B00C57F1E /* Resources */ = {
			isa = PBXResourcesBuildPhase;
			buildActionMask = 2147483647;
			files = (
			);
			runOnlyForDeploymentPostprocessing = 0;
		};
		71CA86CA2A062C8B00C57F1E /* Resources */ = {
			isa = PBXResourcesBuildPhase;
			buildActionMask = 2147483647;
			files = (
			);
			runOnlyForDeploymentPostprocessing = 0;
		};
/* End PBXResourcesBuildPhase section */

/* Begin PBXSourcesBuildPhase section */
		71CA86A82A062C8200C57F1E /* Sources */ = {
			isa = PBXSourcesBuildPhase;
			buildActionMask = 2147483647;
			files = (
				71527E222A1B860D0074F4E3 /* MyTableViewCell.swift in Sources */,
				717708932A0934A20029D55F /* What_we_should_do.swift in Sources */,
				71CA86B42A062C8200C57F1E /* ViewController.swift in Sources */,
				717030942A1CE2BD005ADB7E /* GameController.swift in Sources */,
				71CA86B02A062C8200C57F1E /* AppDelegate.swift in Sources */,
				717708912A092E020029D55F /* Property.swift in Sources */,
				717030982A1CF854005ADB7E /* GameViewController.swift in Sources */,
				71CA86B22A062C8200C57F1E /* SceneDelegate.swift in Sources */,
				71527E292A1B9C610074F4E3 /* Model.swift in Sources */,
			);
			runOnlyForDeploymentPostprocessing = 0;
		};
		71CA86BE2A062C8B00C57F1E /* Sources */ = {
			isa = PBXSourcesBuildPhase;
			buildActionMask = 2147483647;
			files = (
				71CA86C72A062C8B00C57F1E /* FinalProjectTests.swift in Sources */,
			);
			runOnlyForDeploymentPostprocessing = 0;
		};
		71CA86C82A062C8B00C57F1E /* Sources */ = {
			isa = PBXSourcesBuildPhase;
			buildActionMask = 2147483647;
			files = (
				71CA86D12A062C8B00C57F1E /* FinalProjectUITests.swift in Sources */,
				71CA86D32A062C8B00C57F1E /* FinalProjectUITestsLaunchTests.swift in Sources */,
			);
			runOnlyForDeploymentPostprocessing = 0;
		};
/* End PBXSourcesBuildPhase section */

/* Begin PBXTargetDependency section */
		71CA86C42A062C8B00C57F1E /* PBXTargetDependency */ = {
			isa = PBXTargetDependency;
			target = 71CA86AB2A062C8200C57F1E /* FinalProject */;
			targetProxy = 71CA86C32A062C8B00C57F1E /* PBXContainerItemProxy */;
		};
		71CA86CE2A062C8B00C57F1E /* PBXTargetDependency */ = {
			isa = PBXTargetDependency;
			target = 71CA86AB2A062C8200C57F1E /* FinalProject */;
			targetProxy = 71CA86CD2A062C8B00C57F1E /* PBXContainerItemProxy */;
		};
/* End PBXTargetDependency section */

/* Begin PBXVariantGroup section */
		71CA86B52A062C8200C57F1E /* Main.storyboard */ = {
			isa = PBXVariantGroup;
			children = (
				71CA86B62A062C8200C57F1E /* Base */,
			);
			name = Main.storyboard;
			sourceTree = "<group>";
		};
		71CA86BA2A062C8A00C57F1E /* LaunchScreen.storyboard */ = {
			isa = PBXVariantGroup;
			children = (
				71CA86BB2A062C8A00C57F1E /* Base */,
			);
			name = LaunchScreen.storyboard;
			sourceTree = "<group>";
		};
/* End PBXVariantGroup section */

/* Begin XCBuildConfiguration section */
		71CA86D42A062C8B00C57F1E /* Debug */ = {
			isa = XCBuildConfiguration;
			buildSettings = {
				ALWAYS_SEARCH_USER_PATHS = NO;
				CLANG_ANALYZER_NONNULL = YES;
				CLANG_ANALYZER_NUMBER_OBJECT_CONVERSION = YES_AGGRESSIVE;
				CLANG_CXX_LANGUAGE_STANDARD = "gnu++17";
				CLANG_ENABLE_MODULES = YES;
				CLANG_ENABLE_OBJC_ARC = YES;
				CLANG_ENABLE_OBJC_WEAK = YES;
				CLANG_WARN_BLOCK_CAPTURE_AUTORELEASING = YES;
				CLANG_WARN_BOOL_CONVERSION = YES;
				CLANG_WARN_COMMA = YES;
				CLANG_WARN_CONSTANT_CONVERSION = YES;
				CLANG_WARN_DEPRECATED_OBJC_IMPLEMENTATIONS = YES;
				CLANG_WARN_DIRECT_OBJC_ISA_USAGE = YES_ERROR;
				CLANG_WARN_DOCUMENTATION_COMMENTS = YES;
				CLANG_WARN_EMPTY_BODY = YES;
				CLANG_WARN_ENUM_CONVERSION = YES;
				CLANG_WARN_INFINITE_RECURSION = YES;
				CLANG_WARN_INT_CONVERSION = YES;
				CLANG_WARN_NON_LITERAL_NULL_CONVERSION = YES;
				CLANG_WARN_OBJC_IMPLICIT_RETAIN_SELF = YES;
				CLANG_WARN_OBJC_LITERAL_CONVERSION = YES;
				CLANG_WARN_OBJC_ROOT_CLASS = YES_ERROR;
				CLANG_WARN_QUOTED_INCLUDE_IN_FRAMEWORK_HEADER = YES;
				CLANG_WARN_RANGE_LOOP_ANALYSIS = YES;
				CLANG_WARN_STRICT_PROTOTYPES = YES;
				CLANG_WARN_SUSPICIOUS_MOVE = YES;
				CLANG_WARN_UNGUARDED_AVAILABILITY = YES_AGGRESSIVE;
				CLANG_WARN_UNREACHABLE_CODE = YES;
				CLANG_WARN__DUPLICATE_METHOD_MATCH = YES;
				COPY_PHASE_STRIP = NO;
				DEBUG_INFORMATION_FORMAT = dwarf;
				ENABLE_STRICT_OBJC_MSGSEND = YES;
				ENABLE_TESTABILITY = YES;
				GCC_C_LANGUAGE_STANDARD = gnu11;
				GCC_DYNAMIC_NO_PIC = NO;
				GCC_NO_COMMON_BLOCKS = YES;
				GCC_OPTIMIZATION_LEVEL = 0;
				GCC_PREPROCESSOR_DEFINITIONS = (
					"DEBUG=1",
					"$(inherited)",
				);
				GCC_WARN_64_TO_32_BIT_CONVERSION = YES;
				GCC_WARN_ABOUT_RETURN_TYPE = YES_ERROR;
				GCC_WARN_UNDECLARED_SELECTOR = YES;
				GCC_WARN_UNINITIALIZED_AUTOS = YES_AGGRESSIVE;
				GCC_WARN_UNUSED_FUNCTION = YES;
				GCC_WARN_UNUSED_VARIABLE = YES;
				IPHONEOS_DEPLOYMENT_TARGET = 15.5;
				MTL_ENABLE_DEBUG_INFO = INCLUDE_SOURCE;
				MTL_FAST_MATH = YES;
				ONLY_ACTIVE_ARCH = YES;
				SDKROOT = iphoneos;
				SWIFT_ACTIVE_COMPILATION_CONDITIONS = DEBUG;
				SWIFT_OPTIMIZATION_LEVEL = "-Onone";
			};
			name = Debug;
		};
		71CA86D52A062C8B00C57F1E /* Release */ = {
			isa = XCBuildConfiguration;
			buildSettings = {
				ALWAYS_SEARCH_USER_PATHS = NO;
				CLANG_ANALYZER_NONNULL = YES;
				CLANG_ANALYZER_NUMBER_OBJECT_CONVERSION = YES_AGGRESSIVE;
				CLANG_CXX_LANGUAGE_STANDARD = "gnu++17";
				CLANG_ENABLE_MODULES = YES;
				CLANG_ENABLE_OBJC_ARC = YES;
				CLANG_ENABLE_OBJC_WEAK = YES;
				CLANG_WARN_BLOCK_CAPTURE_AUTORELEASING = YES;
				CLANG_WARN_BOOL_CONVERSION = YES;
				CLANG_WARN_COMMA = YES;
				CLANG_WARN_CONSTANT_CONVERSION = YES;
				CLANG_WARN_DEPRECATED_OBJC_IMPLEMENTATIONS = YES;
				CLANG_WARN_DIRECT_OBJC_ISA_USAGE = YES_ERROR;
				CLANG_WARN_DOCUMENTATION_COMMENTS = YES;
				CLANG_WARN_EMPTY_BODY = YES;
				CLANG_WARN_ENUM_CONVERSION = YES;
				CLANG_WARN_INFINITE_RECURSION = YES;
				CLANG_WARN_INT_CONVERSION = YES;
				CLANG_WARN_NON_LITERAL_NULL_CONVERSION = YES;
				CLANG_WARN_OBJC_IMPLICIT_RETAIN_SELF = YES;
				CLANG_WARN_OBJC_LITERAL_CONVERSION = YES;
				CLANG_WARN_OBJC_ROOT_CLASS = YES_ERROR;
				CLANG_WARN_QUOTED_INCLUDE_IN_FRAMEWORK_HEADER = YES;
				CLANG_WARN_RANGE_LOOP_ANALYSIS = YES;
				CLANG_WARN_STRICT_PROTOTYPES = YES;
				CLANG_WARN_SUSPICIOUS_MOVE = YES;
				CLANG_WARN_UNGUARDED_AVAILABILITY = YES_AGGRESSIVE;
				CLANG_WARN_UNREACHABLE_CODE = YES;
				CLANG_WARN__DUPLICATE_METHOD_MATCH = YES;
				COPY_PHASE_STRIP = NO;
				DEBUG_INFORMATION_FORMAT = "dwarf-with-dsym";
				ENABLE_NS_ASSERTIONS = NO;
				ENABLE_STRICT_OBJC_MSGSEND = YES;
				GCC_C_LANGUAGE_STANDARD = gnu11;
				GCC_NO_COMMON_BLOCKS = YES;
				GCC_WARN_64_TO_32_BIT_CONVERSION = YES;
				GCC_WARN_ABOUT_RETURN_TYPE = YES_ERROR;
				GCC_WARN_UNDECLARED_SELECTOR = YES;
				GCC_WARN_UNINITIALIZED_AUTOS = YES_AGGRESSIVE;
				GCC_WARN_UNUSED_FUNCTION = YES;
				GCC_WARN_UNUSED_VARIABLE = YES;
				IPHONEOS_DEPLOYMENT_TARGET = 15.5;
				MTL_ENABLE_DEBUG_INFO = NO;
				MTL_FAST_MATH = YES;
				SDKROOT = iphoneos;
				SWIFT_COMPILATION_MODE = wholemodule;
				SWIFT_OPTIMIZATION_LEVEL = "-O";
				VALIDATE_PRODUCT = YES;
			};
			name = Release;
		};
		71CA86D72A062C8B00C57F1E /* Debug */ = {
			isa = XCBuildConfiguration;
			buildSettings = {
				ASSETCATALOG_COMPILER_APPICON_NAME = AppIcon;
				ASSETCATALOG_COMPILER_GLOBAL_ACCENT_COLOR_NAME = AccentColor;
				CODE_SIGN_STYLE = Automatic;
				CURRENT_PROJECT_VERSION = 1;
				GENERATE_INFOPLIST_FILE = YES;
				INFOPLIST_FILE = FinalProject/Info.plist;
				INFOPLIST_KEY_UIApplicationSupportsIndirectInputEvents = YES;
				INFOPLIST_KEY_UILaunchStoryboardName = LaunchScreen;
				INFOPLIST_KEY_UIMainStoryboardFile = Main;
				INFOPLIST_KEY_UISupportedInterfaceOrientations = "";
				INFOPLIST_KEY_UISupportedInterfaceOrientations_iPad = "UIInterfaceOrientationPortrait UIInterfaceOrientationPortraitUpsideDown UIInterfaceOrientationLandscapeLeft UIInterfaceOrientationLandscapeRight";
				INFOPLIST_KEY_UISupportedInterfaceOrientations_iPhone = "UIInterfaceOrientationPortrait UIInterfaceOrientationLandscapeLeft UIInterfaceOrientationLandscapeRight";
				IPHONEOS_DEPLOYMENT_TARGET = 15.5;
				LD_RUNPATH_SEARCH_PATHS = (
					"$(inherited)",
					"@executable_path/Frameworks",
				);
				MARKETING_VERSION = 1.0;
				PRODUCT_BUNDLE_IDENTIFIER = Arspapom.FinalProject;
				PRODUCT_NAME = "$(TARGET_NAME)";
				SWIFT_EMIT_LOC_STRINGS = YES;
				SWIFT_VERSION = 5.0;
				TARGETED_DEVICE_FAMILY = 1;
			};
			name = Debug;
		};
		71CA86D82A062C8B00C57F1E /* Release */ = {
			isa = XCBuildConfiguration;
			buildSettings = {
				ASSETCATALOG_COMPILER_APPICON_NAME = AppIcon;
				ASSETCATALOG_COMPILER_GLOBAL_ACCENT_COLOR_NAME = AccentColor;
				CODE_SIGN_STYLE = Automatic;
				CURRENT_PROJECT_VERSION = 1;
				GENERATE_INFOPLIST_FILE = YES;
				INFOPLIST_FILE = FinalProject/Info.plist;
				INFOPLIST_KEY_UIApplicationSupportsIndirectInputEvents = YES;
				INFOPLIST_KEY_UILaunchStoryboardName = LaunchScreen;
				INFOPLIST_KEY_UIMainStoryboardFile = Main;
				INFOPLIST_KEY_UISupportedInterfaceOrientations = "";
				INFOPLIST_KEY_UISupportedInterfaceOrientations_iPad = "UIInterfaceOrientationPortrait UIInterfaceOrientationPortraitUpsideDown UIInterfaceOrientationLandscapeLeft UIInterfaceOrientationLandscapeRight";
				INFOPLIST_KEY_UISupportedInterfaceOrientations_iPhone = "UIInterfaceOrientationPortrait UIInterfaceOrientationLandscapeLeft UIInterfaceOrientationLandscapeRight";
				IPHONEOS_DEPLOYMENT_TARGET = 15.5;
				LD_RUNPATH_SEARCH_PATHS = (
					"$(inherited)",
					"@executable_path/Frameworks",
				);
				MARKETING_VERSION = 1.0;
				PRODUCT_BUNDLE_IDENTIFIER = Arspapom.FinalProject;
				PRODUCT_NAME = "$(TARGET_NAME)";
				SWIFT_EMIT_LOC_STRINGS = YES;
				SWIFT_VERSION = 5.0;
				TARGETED_DEVICE_FAMILY = 1;
			};
			name = Release;
		};
		71CA86DA2A062C8B00C57F1E /* Debug */ = {
			isa = XCBuildConfiguration;
			buildSettings = {
				ALWAYS_EMBED_SWIFT_STANDARD_LIBRARIES = YES;
				BUNDLE_LOADER = "$(TEST_HOST)";
				CODE_SIGN_STYLE = Automatic;
				CURRENT_PROJECT_VERSION = 1;
				GENERATE_INFOPLIST_FILE = YES;
				IPHONEOS_DEPLOYMENT_TARGET = 15.5;
				MARKETING_VERSION = 1.0;
				PRODUCT_BUNDLE_IDENTIFIER = Arspapom.FinalProjectTests;
				PRODUCT_NAME = "$(TARGET_NAME)";
				SWIFT_EMIT_LOC_STRINGS = NO;
				SWIFT_VERSION = 5.0;
				TARGETED_DEVICE_FAMILY = "1,2";
				TEST_HOST = "$(BUILT_PRODUCTS_DIR)/FinalProject.app/FinalProject";
			};
			name = Debug;
		};
		71CA86DB2A062C8B00C57F1E /* Release */ = {
			isa = XCBuildConfiguration;
			buildSettings = {
				ALWAYS_EMBED_SWIFT_STANDARD_LIBRARIES = YES;
				BUNDLE_LOADER = "$(TEST_HOST)";
				CODE_SIGN_STYLE = Automatic;
				CURRENT_PROJECT_VERSION = 1;
				GENERATE_INFOPLIST_FILE = YES;
				IPHONEOS_DEPLOYMENT_TARGET = 15.5;
				MARKETING_VERSION = 1.0;
				PRODUCT_BUNDLE_IDENTIFIER = Arspapom.FinalProjectTests;
				PRODUCT_NAME = "$(TARGET_NAME)";
				SWIFT_EMIT_LOC_STRINGS = NO;
				SWIFT_VERSION = 5.0;
				TARGETED_DEVICE_FAMILY = "1,2";
				TEST_HOST = "$(BUILT_PRODUCTS_DIR)/FinalProject.app/FinalProject";
			};
			name = Release;
		};
		71CA86DD2A062C8B00C57F1E /* Debug */ = {
			isa = XCBuildConfiguration;
			buildSettings = {
				ALWAYS_EMBED_SWIFT_STANDARD_LIBRARIES = YES;
				CODE_SIGN_STYLE = Automatic;
				CURRENT_PROJECT_VERSION = 1;
				GENERATE_INFOPLIST_FILE = YES;
				MARKETING_VERSION = 1.0;
				PRODUCT_BUNDLE_IDENTIFIER = Arspapom.FinalProjectUITests;
				PRODUCT_NAME = "$(TARGET_NAME)";
				SWIFT_EMIT_LOC_STRINGS = NO;
				SWIFT_VERSION = 5.0;
				TARGETED_DEVICE_FAMILY = "1,2";
				TEST_TARGET_NAME = FinalProject;
			};
			name = Debug;
		};
		71CA86DE2A062C8B00C57F1E /* Release */ = {
			isa = XCBuildConfiguration;
			buildSettings = {
				ALWAYS_EMBED_SWIFT_STANDARD_LIBRARIES = YES;
				CODE_SIGN_STYLE = Automatic;
				CURRENT_PROJECT_VERSION = 1;
				GENERATE_INFOPLIST_FILE = YES;
				MARKETING_VERSION = 1.0;
				PRODUCT_BUNDLE_IDENTIFIER = Arspapom.FinalProjectUITests;
				PRODUCT_NAME = "$(TARGET_NAME)";
				SWIFT_EMIT_LOC_STRINGS = NO;
				SWIFT_VERSION = 5.0;
				TARGETED_DEVICE_FAMILY = "1,2";
				TEST_TARGET_NAME = FinalProject;
			};
			name = Release;
		};
/* End XCBuildConfiguration section */

/* Begin XCConfigurationList section */
		71CA86A72A062C8100C57F1E /* Build configuration list for PBXProject "FinalProject" */ = {
			isa = XCConfigurationList;
			buildConfigurations = (
				71CA86D42A062C8B00C57F1E /* Debug */,
				71CA86D52A062C8B00C57F1E /* Release */,
			);
			defaultConfigurationIsVisible = 0;
			defaultConfigurationName = Release;
		};
		71CA86D62A062C8B00C57F1E /* Build configuration list for PBXNativeTarget "FinalProject" */ = {
			isa = XCConfigurationList;
			buildConfigurations = (
				71CA86D72A062C8B00C57F1E /* Debug */,
				71CA86D82A062C8B00C57F1E /* Release */,
			);
			defaultConfigurationIsVisible = 0;
			defaultConfigurationName = Release;
		};
		71CA86D92A062C8B00C57F1E /* Build configuration list for PBXNativeTarget "FinalProjectTests" */ = {
			isa = XCConfigurationList;
			buildConfigurations = (
				71CA86DA2A062C8B00C57F1E /* Debug */,
				71CA86DB2A062C8B00C57F1E /* Release */,
			);
			defaultConfigurationIsVisible = 0;
			defaultConfigurationName = Release;
		};
		71CA86DC2A062C8B00C57F1E /* Build configuration list for PBXNativeTarget "FinalProjectUITests" */ = {
			isa = XCConfigurationList;
			buildConfigurations = (
				71CA86DD2A062C8B00C57F1E /* Debug */,
				71CA86DE2A062C8B00C57F1E /* Release */,
			);
			defaultConfigurationIsVisible = 0;
			defaultConfigurationName = Release;
		};
/* End XCConfigurationList section */
	};
	rootObject = 71CA86A42A062C8100C57F1E /* Project object */;
}
